
Microsoft Visual Studio Solution File, Format Version 12.00
# Visual Studio 15
Project("{FAE04EC0-301F-11D3-BF4B-00C04F79EFBC}") = "PragueParking1.0", "PragueParking1.0\PragueParking1.0.csproj", "{B387ACF1-70B1-46EA-BF0F-B4DE9BD2AA60}"
EndProject
Global
	GlobalSection(SolutionConfigurationPlatforms) = preSolution
		Debug|anycpu = Debug|anycpu
		Release|anycpu = Release|anycpu
	EndGlobalSection
	GlobalSection(ProjectConfigurationPlatforms) = postSolution
		{B387ACF1-70B1-46EA-BF0F-B4DE9BD2AA60}.Debug|anycpu.ActiveCfg = Debug|anycpu
		{B387ACF1-70B1-46EA-BF0F-B4DE9BD2AA60}.Debug|anycpu.Build.0 = Debug|anycpu
		{B387ACF1-70B1-46EA-BF0F-B4DE9BD2AA60}.Release|anycpu.ActiveCfg = Release|anycpu
		{B387ACF1-70B1-46EA-BF0F-B4DE9BD2AA60}.Release|anycpu.Build.0 = Release|anycpu
	EndGlobalSection
EndGlobal
